
Microsoft Visual Studio Solution File, Format Version 12.00
# Visual Studio Version 17
VisualStudioVersion = 17.0.31903.59
MinimumVisualStudioVersion = 10.0.40219.1

Project("{2150E333-8FDC-42A3-9474-1A3956D46DE8}") = "src", "src", "{A1B2C3D4-0001-0001-0001-000000000001}"
EndProject
Project("{2150E333-8FDC-42A3-9474-1A3956D46DE8}") = "tests", "tests", "{A1B2C3D4-0002-0002-0002-000000000002}"
EndProject

Project("{FAE04EC0-301F-11D3-BF4B-00C04F79EFBC}") = "Yumney.AppHost", "src\Yumney.AppHost\Yumney.AppHost.csproj", "{10000001-0000-0000-0000-000000000001}"
EndProject
Project("{FAE04EC0-301F-11D3-BF4B-00C04F79EFBC}") = "Yumney.ServiceDefaults", "src\Yumney.ServiceDefaults\Yumney.ServiceDefaults.csproj", "{10000002-0000-0000-0000-000000000002}"
EndProject
Project("{FAE04EC0-301F-11D3-BF4B-00C04F79EFBC}") = "Yumney.Api", "src\Yumney.Api\Yumney.Api.csproj", "{10000003-0000-0000-0000-000000000003}"
EndProject
Project("{FAE04EC0-301F-11D3-BF4B-00C04F79EFBC}") = "Yumney.Shared", "src\Yumney.Shared\Yumney.Shared.csproj", "{10000004-0000-0000-0000-000000000004}"
EndProject
Project("{FAE04EC0-301F-11D3-BF4B-00C04F79EFBC}") = "Yumney.Modules.Recipes", "src\Yumney.Modules.Recipes\Yumney.Modules.Recipes.csproj", "{10000005-0000-0000-0000-000000000005}"
EndProject
Project("{FAE04EC0-301F-11D3-BF4B-00C04F79EFBC}") = "Yumney.Modules.Shopping", "src\Yumney.Modules.Shopping\Yumney.Modules.Shopping.csproj", "{10000006-0000-0000-0000-000000000006}"
EndProject
Project("{FAE04EC0-301F-11D3-BF4B-00C04F79EFBC}") = "Yumney.Modules.Users", "src\Yumney.Modules.Users\Yumney.Modules.Users.csproj", "{10000007-0000-0000-0000-000000000007}"
EndProject
Project("{FAE04EC0-301F-11D3-BF4B-00C04F79EFBC}") = "Yumney.Modules.Recipes.Tests", "tests\Yumney.Modules.Recipes.Tests\Yumney.Modules.Recipes.Tests.csproj", "{20000001-0000-0000-0000-000000000001}"
EndProject
Project("{FAE04EC0-301F-11D3-BF4B-00C04F79EFBC}") = "Yumney.Modules.Shopping.Tests", "tests\Yumney.Modules.Shopping.Tests\Yumney.Modules.Shopping.Tests.csproj", "{20000002-0000-0000-0000-000000000002}"
EndProject
Project("{FAE04EC0-301F-11D3-BF4B-00C04F79EFBC}") = "Yumney.Modules.Users.Tests", "tests\Yumney.Modules.Users.Tests\Yumney.Modules.Users.Tests.csproj", "{20000003-0000-0000-0000-000000000003}"
EndProject
Project("{FAE04EC0-301F-11D3-BF4B-00C04F79EFBC}") = "Yumney.Shared.Tests", "tests\Yumney.Shared.Tests\Yumney.Shared.Tests.csproj", "{20000004-0000-0000-0000-000000000004}"
EndProject
Project("{FAE04EC0-301F-11D3-BF4B-00C04F79EFBC}") = "Yumney.Integration.Tests", "tests\Yumney.Integration.Tests\Yumney.Integration.Tests.csproj", "{20000005-0000-0000-0000-000000000005}"
EndProject
Project("{FAE04EC0-301F-11D3-BF4B-00C04F79EFBC}") = "Yumney.Architecture.Tests", "tests\Yumney.Architecture.Tests\Yumney.Architecture.Tests.csproj", "{20000006-0000-0000-0000-000000000006}"
EndProject

Global
	GlobalSection(SolutionConfigurationPlatforms) = preSolution
		Debug|Any CPU = Debug|Any CPU
		Release|Any CPU = Release|Any CPU
	EndGlobalSection
	GlobalSection(ProjectConfigurationPlatforms) = postSolution
		{10000001-0000-0000-0000-000000000001}.Debug|Any CPU.ActiveCfg = Debug|Any CPU
		{10000001-0000-0000-0000-000000000001}.Debug|Any CPU.Build.0 = Debug|Any CPU
		{10000001-0000-0000-0000-000000000001}.Release|Any CPU.ActiveCfg = Release|Any CPU
		{10000001-0000-0000-0000-000000000001}.Release|Any CPU.Build.0 = Release|Any CPU
		{10000002-0000-0000-0000-000000000002}.Debug|Any CPU.ActiveCfg = Debug|Any CPU
		{10000002-0000-0000-0000-000000000002}.Debug|Any CPU.Build.0 = Debug|Any CPU
		{10000002-0000-0000-0000-000000000002}.Release|Any CPU.ActiveCfg = Release|Any CPU
		{10000002-0000-0000-0000-000000000002}.Release|Any CPU.Build.0 = Release|Any CPU
		{10000003-0000-0000-0000-000000000003}.Debug|Any CPU.ActiveCfg = Debug|Any CPU
		{10000003-0000-0000-0000-000000000003}.Debug|Any CPU.Build.0 = Debug|Any CPU
		{10000003-0000-0000-0000-000000000003}.Release|Any CPU.ActiveCfg = Release|Any CPU
		{10000003-0000-0000-0000-000000000003}.Release|Any CPU.Build.0 = Release|Any CPU
		{10000004-0000-0000-0000-000000000004}.Debug|Any CPU.ActiveCfg = Debug|Any CPU
		{10000004-0000-0000-0000-000000000004}.Debug|Any CPU.Build.0 = Debug|Any CPU
		{10000004-0000-0000-0000-000000000004}.Release|Any CPU.ActiveCfg = Release|Any CPU
		{10000004-0000-0000-0000-000000000004}.Release|Any CPU.Build.0 = Release|Any CPU
		{10000005-0000-0000-0000-000000000005}.Debug|Any CPU.ActiveCfg = Debug|Any CPU
		{10000005-0000-0000-0000-000000000005}.Debug|Any CPU.Build.0 = Debug|Any CPU
		{10000005-0000-0000-0000-000000000005}.Release|Any CPU.ActiveCfg = Release|Any CPU
		{10000005-0000-0000-0000-000000000005}.Release|Any CPU.Build.0 = Release|Any CPU
		{10000006-0000-0000-0000-000000000006}.Debug|Any CPU.ActiveCfg = Debug|Any CPU
		{10000006-0000-0000-0000-000000000006}.Debug|Any CPU.Build.0 = Debug|Any CPU
		{10000006-0000-0000-0000-000000000006}.Release|Any CPU.ActiveCfg = Release|Any CPU
		{10000006-0000-0000-0000-000000000006}.Release|Any CPU.Build.0 = Release|Any CPU
		{10000007-0000-0000-0000-000000000007}.Debug|Any CPU.ActiveCfg = Debug|Any CPU
		{10000007-0000-0000-0000-000000000007}.Debug|Any CPU.Build.0 = Debug|Any CPU
		{10000007-0000-0000-0000-000000000007}.Release|Any CPU.ActiveCfg = Release|Any CPU
		{10000007-0000-0000-0000-000000000007}.Release|Any CPU.Build.0 = Release|Any CPU
		{20000001-0000-0000-0000-000000000001}.Debug|Any CPU.ActiveCfg = Debug|Any CPU
		{20000001-0000-0000-0000-000000000001}.Debug|Any CPU.Build.0 = Debug|Any CPU
		{20000001-0000-0000-0000-000000000001}.Release|Any CPU.ActiveCfg = Release|Any CPU
		{20000001-0000-0000-0000-000000000001}.Release|Any CPU.Build.0 = Release|Any CPU
		{20000002-0000-0000-0000-000000000002}.Debug|Any CPU.ActiveCfg = Debug|Any CPU
		{20000002-0000-0000-0000-000000000002}.Debug|Any CPU.Build.0 = Debug|Any CPU
		{20000002-0000-0000-0000-000000000002}.Release|Any CPU.ActiveCfg = Release|Any CPU
		{20000002-0000-0000-0000-000000000002}.Release|Any CPU.Build.0 = Release|Any CPU
		{20000003-0000-0000-0000-000000000003}.Debug|Any CPU.ActiveCfg = Debug|Any CPU
		{20000003-0000-0000-0000-000000000003}.Debug|Any CPU.Build.0 = Debug|Any CPU
		{20000003-0000-0000-0000-000000000003}.Release|Any CPU.ActiveCfg = Release|Any CPU
		{20000003-0000-0000-0000-000000000003}.Release|Any CPU.Build.0 = Release|Any CPU
		{20000004-0000-0000-0000-000000000004}.Debug|Any CPU.ActiveCfg = Debug|Any CPU
		{20000004-0000-0000-0000-000000000004}.Debug|Any CPU.Build.0 = Debug|Any CPU
		{20000004-0000-0000-0000-000000000004}.Release|Any CPU.ActiveCfg = Release|Any CPU
		{20000004-0000-0000-0000-000000000004}.Release|Any CPU.Build.0 = Release|Any CPU
		{20000005-0000-0000-0000-000000000005}.Debug|Any CPU.ActiveCfg = Debug|Any CPU
		{20000005-0000-0000-0000-000000000005}.Debug|Any CPU.Build.0 = Debug|Any CPU
		{20000005-0000-0000-0000-000000000005}.Release|Any CPU.ActiveCfg = Release|Any CPU
		{20000005-0000-0000-0000-000000000005}.Release|Any CPU.Build.0 = Release|Any CPU
		{20000006-0000-0000-0000-000000000006}.Debug|Any CPU.ActiveCfg = Debug|Any CPU
		{20000006-0000-0000-0000-000000000006}.Debug|Any CPU.Build.0 = Debug|Any CPU
		{20000006-0000-0000-0000-000000000006}.Release|Any CPU.ActiveCfg = Release|Any CPU
		{20000006-0000-0000-0000-000000000006}.Release|Any CPU.Build.0 = Release|Any CPU
	EndGlobalSection
	GlobalSection(NestedProjects) = preSolution
		{10000001-0000-0000-0000-000000000001} = {A1B2C3D4-0001-0001-0001-000000000001}
		{10000002-0000-0000-0000-000000000002} = {A1B2C3D4-0001-0001-0001-000000000001}
		{10000003-0000-0000-0000-000000000003} = {A1B2C3D4-0001-0001-0001-000000000001}
		{10000004-0000-0000-0000-000000000004} = {A1B2C3D4-0001-0001-0001-000000000001}
		{10000005-0000-0000-0000-000000000005} = {A1B2C3D4-0001-0001-0001-000000000001}
		{10000006-0000-0000-0000-000000000006} = {A1B2C3D4-0001-0001-0001-000000000001}
		{10000007-0000-0000-0000-000000000007} = {A1B2C3D4-0001-0001-0001-000000000001}
		{20000001-0000-0000-0000-000000000001} = {A1B2C3D4-0002-0002-0002-000000000002}
		{20000002-0000-0000-0000-000000000002} = {A1B2C3D4-0002-0002-0002-000000000002}
		{20000003-0000-0000-0000-000000000003} = {A1B2C3D4-0002-0002-0002-000000000002}
		{20000004-0000-0000-0000-000000000004} = {A1B2C3D4-0002-0002-0002-000000000002}
		{20000005-0000-0000-0000-000000000005} = {A1B2C3D4-0002-0002-0002-000000000002}
		{20000006-0000-0000-0000-000000000006} = {A1B2C3D4-0002-0002-0002-000000000002}
	EndGlobalSection
EndGlobal
